
Microsoft Visual Studio Solution File, Format Version 12.00
# Visual Studio Version 17
VisualStudioVersion = 17.0.31903.59
MinimumVisualStudioVersion = 10.0.40219.1
Project("{2150E333-8FDC-42A3-9474-1A3956D46DE8}") = "core", "core", "{2A255CBF-6CDB-4E85-9E34-336227935A0A}"
EndProject
Project("{2150E333-8FDC-42A3-9474-1A3956D46DE8}") = "Acme.Hello.Model", "Acme.Hello.Model", "{F28C3E3E-6F72-4346-BB88-00D63897C416}"
EndProject
Project("{FAE04EC0-301F-11D3-BF4B-00C04F79EFBC}") = "Acme.Hello.Model", "core\Hello.Model\src\Acme.Hello.Model.csproj", "{30A8E986-005B-41C5-899A-9B4C0C6F8FCD}"
EndProject
Project("{2150E333-8FDC-42A3-9474-1A3956D46DE8}") = "tests", "tests", "{D2EDA291-B27D-4F75-AD07-7A675F2A3E74}"
EndProject
Project("{FAE04EC0-301F-11D3-BF4B-00C04F79EFBC}") = "Acme.Hello.Model.UnitTests", "core\Hello.Model\tests\unit\Acme.Hello.Model.UnitTests.csproj", "{117429BA-7362-45F1-8102-BE5347BC6739}"
EndProject
Project("{2150E333-8FDC-42A3-9474-1A3956D46DE8}") = "Hello.DAO", "Hello.DAO", "{2FBD550C-8755-4F92-A9DC-C9E909D658E8}"
EndProject
Project("{FAE04EC0-301F-11D3-BF4B-00C04F79EFBC}") = "Acme.Hello.DAO", "core\Hello.DAO\src\Acme.Hello.DAO.csproj", "{7B0FCDEE-9E23-458B-A364-FF9FB2633ABF}"
EndProject
Project("{2150E333-8FDC-42A3-9474-1A3956D46DE8}") = "apps", "apps", "{A35B5D30-DB2D-4E89-A369-1C03656EF2B9}"
EndProject
Project("{2150E333-8FDC-42A3-9474-1A3956D46DE8}") = "HelloWorldSplitUpServer", "HelloWorldSplitUpServer", "{520B439B-1783-4A56-B073-C95060C546BF}"
EndProject
Project("{FAE04EC0-301F-11D3-BF4B-00C04F79EFBC}") = "Acme.App.HelloWorldSplitUpServer", "apps\HelloWorldSplitUpServer\src\Acme.App.HelloWorldSplitUpServer.csproj", "{C962AD30-99B4-4ABE-B308-BBC26E1E702A}"
EndProject
Project("{2150E333-8FDC-42A3-9474-1A3956D46DE8}") = "HelloWorldAllInOneWebServer", "HelloWorldAllInOneWebServer", "{8270D98A-2A4F-40C1-8C34-4A4C45E1F25C}"
EndProject
Project("{FAE04EC0-301F-11D3-BF4B-00C04F79EFBC}") = "Acme.App.HelloWorldAllInOneWebServer", "apps\HelloWorldAllInOneWebServer\src\Acme.App.HelloWorldAllInOneWebServer.csproj", "{8B30D315-740B-4430-B4F4-FDA02A6F54DC}"
EndProject
Global
	GlobalSection(SolutionConfigurationPlatforms) = preSolution
		Debug|Any CPU = Debug|Any CPU
		Release|Any CPU = Release|Any CPU
	EndGlobalSection
	GlobalSection(SolutionProperties) = preSolution
		HideSolutionNode = FALSE
	EndGlobalSection
	GlobalSection(ProjectConfigurationPlatforms) = postSolution
		{30A8E986-005B-41C5-899A-9B4C0C6F8FCD}.Debug|Any CPU.ActiveCfg = Debug|Any CPU
		{30A8E986-005B-41C5-899A-9B4C0C6F8FCD}.Debug|Any CPU.Build.0 = Debug|Any CPU
		{30A8E986-005B-41C5-899A-9B4C0C6F8FCD}.Release|Any CPU.ActiveCfg = Release|Any CPU
		{30A8E986-005B-41C5-899A-9B4C0C6F8FCD}.Release|Any CPU.Build.0 = Release|Any CPU
		{117429BA-7362-45F1-8102-BE5347BC6739}.Debug|Any CPU.ActiveCfg = Debug|Any CPU
		{117429BA-7362-45F1-8102-BE5347BC6739}.Debug|Any CPU.Build.0 = Debug|Any CPU
		{117429BA-7362-45F1-8102-BE5347BC6739}.Release|Any CPU.ActiveCfg = Release|Any CPU
		{117429BA-7362-45F1-8102-BE5347BC6739}.Release|Any CPU.Build.0 = Release|Any CPU
		{7B0FCDEE-9E23-458B-A364-FF9FB2633ABF}.Debug|Any CPU.ActiveCfg = Debug|Any CPU
		{7B0FCDEE-9E23-458B-A364-FF9FB2633ABF}.Debug|Any CPU.Build.0 = Debug|Any CPU
		{7B0FCDEE-9E23-458B-A364-FF9FB2633ABF}.Release|Any CPU.ActiveCfg = Release|Any CPU
		{7B0FCDEE-9E23-458B-A364-FF9FB2633ABF}.Release|Any CPU.Build.0 = Release|Any CPU
		{C962AD30-99B4-4ABE-B308-BBC26E1E702A}.Debug|Any CPU.ActiveCfg = Debug|Any CPU
		{C962AD30-99B4-4ABE-B308-BBC26E1E702A}.Debug|Any CPU.Build.0 = Debug|Any CPU
		{C962AD30-99B4-4ABE-B308-BBC26E1E702A}.Release|Any CPU.ActiveCfg = Release|Any CPU
		{C962AD30-99B4-4ABE-B308-BBC26E1E702A}.Release|Any CPU.Build.0 = Release|Any CPU
		{8B30D315-740B-4430-B4F4-FDA02A6F54DC}.Debug|Any CPU.ActiveCfg = Debug|Any CPU
		{8B30D315-740B-4430-B4F4-FDA02A6F54DC}.Debug|Any CPU.Build.0 = Debug|Any CPU
		{8B30D315-740B-4430-B4F4-FDA02A6F54DC}.Release|Any CPU.ActiveCfg = Release|Any CPU
		{8B30D315-740B-4430-B4F4-FDA02A6F54DC}.Release|Any CPU.Build.0 = Release|Any CPU
	EndGlobalSection
	GlobalSection(NestedProjects) = preSolution
		{F28C3E3E-6F72-4346-BB88-00D63897C416} = {2A255CBF-6CDB-4E85-9E34-336227935A0A}
		{30A8E986-005B-41C5-899A-9B4C0C6F8FCD} = {F28C3E3E-6F72-4346-BB88-00D63897C416}
		{D2EDA291-B27D-4F75-AD07-7A675F2A3E74} = {F28C3E3E-6F72-4346-BB88-00D63897C416}
		{117429BA-7362-45F1-8102-BE5347BC6739} = {D2EDA291-B27D-4F75-AD07-7A675F2A3E74}
		{2FBD550C-8755-4F92-A9DC-C9E909D658E8} = {2A255CBF-6CDB-4E85-9E34-336227935A0A}
		{7B0FCDEE-9E23-458B-A364-FF9FB2633ABF} = {2FBD550C-8755-4F92-A9DC-C9E909D658E8}
		{520B439B-1783-4A56-B073-C95060C546BF} = {A35B5D30-DB2D-4E89-A369-1C03656EF2B9}
		{C962AD30-99B4-4ABE-B308-BBC26E1E702A} = {520B439B-1783-4A56-B073-C95060C546BF}
		{8270D98A-2A4F-40C1-8C34-4A4C45E1F25C} = {A35B5D30-DB2D-4E89-A369-1C03656EF2B9}
		{8B30D315-740B-4430-B4F4-FDA02A6F54DC} = {8270D98A-2A4F-40C1-8C34-4A4C45E1F25C}
	EndGlobalSection
EndGlobal
