
Microsoft Visual Studio Solution File, Format Version 12.00
# Visual Studio Version 17
VisualStudioVersion = 17.0.31903.59
MinimumVisualStudioVersion = 10.0.40219.1
Project("{2150E333-8FDC-42A3-9474-1A3956D46DE8}") = "core", "core", "{2A255CBF-6CDB-4E85-9E34-336227935A0A}"
EndProject
Project("{2150E333-8FDC-42A3-9474-1A3956D46DE8}") = "Acme.Hello.Model", "Acme.Hello.Model", "{F28C3E3E-6F72-4346-BB88-00D63897C416}"
EndProject
Project("{FAE04EC0-301F-11D3-BF4B-00C04F79EFBC}") = "Acme.Hello.Model", "core\Hello.Model\src\Acme.Hello.Model.csproj", "{30A8E986-005B-41C5-899A-9B4C0C6F8FCD}"
EndProject
Project("{2150E333-8FDC-42A3-9474-1A3956D46DE8}") = "tests", "tests", "{D2EDA291-B27D-4F75-AD07-7A675F2A3E74}"
EndProject
Project("{FAE04EC0-301F-11D3-BF4B-00C04F79EFBC}") = "Acme.Hello.Model.UnitTests", "core\Hello.Model\tests\unit\Acme.Hello.Model.UnitTests.csproj", "{117429BA-7362-45F1-8102-BE5347BC6739}"
EndProject
Project("{2150E333-8FDC-42A3-9474-1A3956D46DE8}") = "Hello.DAO", "Hello.DAO", "{2FBD550C-8755-4F92-A9DC-C9E909D658E8}"
EndProject
Project("{FAE04EC0-301F-11D3-BF4B-00C04F79EFBC}") = "Acme.Hello.DAO", "core\Hello.DAO\src\Acme.Hello.DAO.csproj", "{7B0FCDEE-9E23-458B-A364-FF9FB2633ABF}"
EndProject
Project("{2150E333-8FDC-42A3-9474-1A3956D46DE8}") = "apps", "apps", "{A35B5D30-DB2D-4E89-A369-1C03656EF2B9}"
EndProject
Project("{2150E333-8FDC-42A3-9474-1A3956D46DE8}") = "HelloWorldSplitUpServer", "HelloWorldSplitUpServer", "{520B439B-1783-4A56-B073-C95060C546BF}"
EndProject
Project("{FAE04EC0-301F-11D3-BF4B-00C04F79EFBC}") = "Acme.App.HelloWorldSplitUpServer", "apps\HelloWorldSplitUpServer\src\Acme.App.HelloWorldSplitUpServer.csproj", "{C962AD30-99B4-4ABE-B308-BBC26E1E702A}"
EndProject
Project("{2150E333-8FDC-42A3-9474-1A3956D46DE8}") = "HelloWorldAllInOneWebServer", "HelloWorldAllInOneWebServer", "{8270D98A-2A4F-40C1-8C34-4A4C45E1F25C}"
EndProject
Project("{FAE04EC0-301F-11D3-BF4B-00C04F79EFBC}") = "Acme.App.HelloWorldAllInOneWebServer", "apps\HelloWorldAllInOneWebServer\src\Acme.App.HelloWorldAllInOneWebServer.csproj", "{8B30D315-740B-4430-B4F4-FDA02A6F54DC}"
EndProject
Project("{2150E333-8FDC-42A3-9474-1A3956D46DE8}") = "tests", "tests", "{EDF84D4A-2FF7-9AE6-C836-8D2746E1FD70}"
EndProject
Project("{2150E333-8FDC-42A3-9474-1A3956D46DE8}") = "integration", "integration", "{6E8EE4C2-520B-F45A-17D3-80FC0B3E2973}"
EndProject
Project("{FAE04EC0-301F-11D3-BF4B-00C04F79EFBC}") = "Hello.DAO.IntegrationTests", "core\Hello.DAO\tests\integration\Hello.DAO.IntegrationTests.csproj", "{7DB957B9-2BB1-44AB-B66B-B3EDC0A29F87}"
EndProject
Project("{2150E333-8FDC-42A3-9474-1A3956D46DE8}") = "Hello.Controllers", "Hello.Controllers", "{3F4837E6-9066-D5F6-951D-F83C24D1B87B}"
EndProject
Project("{2150E333-8FDC-42A3-9474-1A3956D46DE8}") = "tests", "tests", "{09512AD2-8DA4-D9A0-E8A5-65AAC1CDAC0A}"
EndProject
Project("{2150E333-8FDC-42A3-9474-1A3956D46DE8}") = "integration", "integration", "{A9CFF5D5-61E8-D74A-2C9A-F555C9BBE719}"
EndProject
Project("{FAE04EC0-301F-11D3-BF4B-00C04F79EFBC}") = "Acme.Hello.Controllers.IntegrationTests", "core\Hello.Controllers\tests\integration\Acme.Hello.Controllers.IntegrationTests.csproj", "{6CA6F79C-7C0F-4328-8BE6-91E95B4F6865}"
EndProject
Project("{2150E333-8FDC-42A3-9474-1A3956D46DE8}") = "src", "src", "{8651B2DA-CC62-0D6F-F763-9802D2AB7048}"
EndProject
Project("{FAE04EC0-301F-11D3-BF4B-00C04F79EFBC}") = "Acme.Hello.Controllers", "core\Hello.Controllers\src\Acme.Hello.Controllers.csproj", "{4D7498CF-39FB-4C74-B703-CFAB75F51883}"
EndProject
Project("{2150E333-8FDC-42A3-9474-1A3956D46DE8}") = "Hello.Data", "Hello.Data", "{F916FF67-7328-747E-EA6F-EA28719C46D9}"
EndProject
Project("{2150E333-8FDC-42A3-9474-1A3956D46DE8}") = "tests", "tests", "{48D2BCDF-4EB4-5B30-8087-66F1C7FE06AC}"
EndProject
Project("{2150E333-8FDC-42A3-9474-1A3956D46DE8}") = "integration", "integration", "{16F4D601-AC8E-091D-FFD7-BB1E6E082BF0}"
EndProject
Project("{FAE04EC0-301F-11D3-BF4B-00C04F79EFBC}") = "Acme.Hello.Data.IntegrationTests", "core\Hello.Data\tests\integration\Acme.Hello.Data.IntegrationTests.csproj", "{423FC8AE-7F19-4879-AA8A-255BD5BDAC55}"
EndProject
Project("{2150E333-8FDC-42A3-9474-1A3956D46DE8}") = "src", "src", "{E1B31137-42DB-3FA7-A5A3-FA2925963EEA}"
EndProject
Project("{FAE04EC0-301F-11D3-BF4B-00C04F79EFBC}") = "Acme.Hello.Data", "core\Hello.Data\src\Acme.Hello.Data.csproj", "{99253373-3F5C-4AE9-80DF-4A141DC60C14}"
EndProject
Project("{2150E333-8FDC-42A3-9474-1A3956D46DE8}") = "Hello.Logic", "Hello.Logic", "{BDCE1AD1-9661-F288-B318-71F5711C6714}"
EndProject
Project("{2150E333-8FDC-42A3-9474-1A3956D46DE8}") = "tests", "tests", "{BC6F8349-C16F-09E8-DF35-EC910C8FBBEF}"
EndProject
Project("{2150E333-8FDC-42A3-9474-1A3956D46DE8}") = "integration", "integration", "{71FC7C97-4537-5904-FBA3-B1BD56692A35}"
EndProject
Project("{2150E333-8FDC-42A3-9474-1A3956D46DE8}") = "src", "src", "{3C002907-6D31-0FE5-B431-E9C90D355D21}"
EndProject
Project("{FAE04EC0-301F-11D3-BF4B-00C04F79EFBC}") = "Acme.Hello.Logic.IntegrationTests", "core\Hello.Logic\tests\integration\Acme.Hello.Logic.IntegrationTests.csproj", "{8BDE5337-D12E-4A70-BC40-4799ED3E0CA0}"
EndProject
Project("{FAE04EC0-301F-11D3-BF4B-00C04F79EFBC}") = "Acme.Hello.Logic", "core\Hello.Logic\src\Acme.Hello.Logic.csproj", "{9E96DDEA-7591-46E4-B44C-E64110AF73A7}"
EndProject
Global
	GlobalSection(SolutionConfigurationPlatforms) = preSolution
		Debug|Any CPU = Debug|Any CPU
		Debug|x64 = Debug|x64
		Debug|x86 = Debug|x86
		Release|Any CPU = Release|Any CPU
		Release|x64 = Release|x64
		Release|x86 = Release|x86
	EndGlobalSection
	GlobalSection(ProjectConfigurationPlatforms) = postSolution
		{30A8E986-005B-41C5-899A-9B4C0C6F8FCD}.Debug|Any CPU.ActiveCfg = Debug|Any CPU
		{30A8E986-005B-41C5-899A-9B4C0C6F8FCD}.Debug|Any CPU.Build.0 = Debug|Any CPU
		{30A8E986-005B-41C5-899A-9B4C0C6F8FCD}.Debug|x64.ActiveCfg = Debug|Any CPU
		{30A8E986-005B-41C5-899A-9B4C0C6F8FCD}.Debug|x64.Build.0 = Debug|Any CPU
		{30A8E986-005B-41C5-899A-9B4C0C6F8FCD}.Debug|x86.ActiveCfg = Debug|Any CPU
		{30A8E986-005B-41C5-899A-9B4C0C6F8FCD}.Debug|x86.Build.0 = Debug|Any CPU
		{30A8E986-005B-41C5-899A-9B4C0C6F8FCD}.Release|Any CPU.ActiveCfg = Release|Any CPU
		{30A8E986-005B-41C5-899A-9B4C0C6F8FCD}.Release|Any CPU.Build.0 = Release|Any CPU
		{30A8E986-005B-41C5-899A-9B4C0C6F8FCD}.Release|x64.ActiveCfg = Release|Any CPU
		{30A8E986-005B-41C5-899A-9B4C0C6F8FCD}.Release|x64.Build.0 = Release|Any CPU
		{30A8E986-005B-41C5-899A-9B4C0C6F8FCD}.Release|x86.ActiveCfg = Release|Any CPU
		{30A8E986-005B-41C5-899A-9B4C0C6F8FCD}.Release|x86.Build.0 = Release|Any CPU
		{117429BA-7362-45F1-8102-BE5347BC6739}.Debug|Any CPU.ActiveCfg = Debug|Any CPU
		{117429BA-7362-45F1-8102-BE5347BC6739}.Debug|Any CPU.Build.0 = Debug|Any CPU
		{117429BA-7362-45F1-8102-BE5347BC6739}.Debug|x64.ActiveCfg = Debug|Any CPU
		{117429BA-7362-45F1-8102-BE5347BC6739}.Debug|x64.Build.0 = Debug|Any CPU
		{117429BA-7362-45F1-8102-BE5347BC6739}.Debug|x86.ActiveCfg = Debug|Any CPU
		{117429BA-7362-45F1-8102-BE5347BC6739}.Debug|x86.Build.0 = Debug|Any CPU
		{117429BA-7362-45F1-8102-BE5347BC6739}.Release|Any CPU.ActiveCfg = Release|Any CPU
		{117429BA-7362-45F1-8102-BE5347BC6739}.Release|Any CPU.Build.0 = Release|Any CPU
		{117429BA-7362-45F1-8102-BE5347BC6739}.Release|x64.ActiveCfg = Release|Any CPU
		{117429BA-7362-45F1-8102-BE5347BC6739}.Release|x64.Build.0 = Release|Any CPU
		{117429BA-7362-45F1-8102-BE5347BC6739}.Release|x86.ActiveCfg = Release|Any CPU
		{117429BA-7362-45F1-8102-BE5347BC6739}.Release|x86.Build.0 = Release|Any CPU
		{7B0FCDEE-9E23-458B-A364-FF9FB2633ABF}.Debug|Any CPU.ActiveCfg = Debug|Any CPU
		{7B0FCDEE-9E23-458B-A364-FF9FB2633ABF}.Debug|Any CPU.Build.0 = Debug|Any CPU
		{7B0FCDEE-9E23-458B-A364-FF9FB2633ABF}.Debug|x64.ActiveCfg = Debug|Any CPU
		{7B0FCDEE-9E23-458B-A364-FF9FB2633ABF}.Debug|x64.Build.0 = Debug|Any CPU
		{7B0FCDEE-9E23-458B-A364-FF9FB2633ABF}.Debug|x86.ActiveCfg = Debug|Any CPU
		{7B0FCDEE-9E23-458B-A364-FF9FB2633ABF}.Debug|x86.Build.0 = Debug|Any CPU
		{7B0FCDEE-9E23-458B-A364-FF9FB2633ABF}.Release|Any CPU.ActiveCfg = Release|Any CPU
		{7B0FCDEE-9E23-458B-A364-FF9FB2633ABF}.Release|Any CPU.Build.0 = Release|Any CPU
		{7B0FCDEE-9E23-458B-A364-FF9FB2633ABF}.Release|x64.ActiveCfg = Release|Any CPU
		{7B0FCDEE-9E23-458B-A364-FF9FB2633ABF}.Release|x64.Build.0 = Release|Any CPU
		{7B0FCDEE-9E23-458B-A364-FF9FB2633ABF}.Release|x86.ActiveCfg = Release|Any CPU
		{7B0FCDEE-9E23-458B-A364-FF9FB2633ABF}.Release|x86.Build.0 = Release|Any CPU
		{C962AD30-99B4-4ABE-B308-BBC26E1E702A}.Debug|Any CPU.ActiveCfg = Debug|Any CPU
		{C962AD30-99B4-4ABE-B308-BBC26E1E702A}.Debug|Any CPU.Build.0 = Debug|Any CPU
		{C962AD30-99B4-4ABE-B308-BBC26E1E702A}.Debug|x64.ActiveCfg = Debug|Any CPU
		{C962AD30-99B4-4ABE-B308-BBC26E1E702A}.Debug|x64.Build.0 = Debug|Any CPU
		{C962AD30-99B4-4ABE-B308-BBC26E1E702A}.Debug|x86.ActiveCfg = Debug|Any CPU
		{C962AD30-99B4-4ABE-B308-BBC26E1E702A}.Debug|x86.Build.0 = Debug|Any CPU
		{C962AD30-99B4-4ABE-B308-BBC26E1E702A}.Release|Any CPU.ActiveCfg = Release|Any CPU
		{C962AD30-99B4-4ABE-B308-BBC26E1E702A}.Release|Any CPU.Build.0 = Release|Any CPU
		{C962AD30-99B4-4ABE-B308-BBC26E1E702A}.Release|x64.ActiveCfg = Release|Any CPU
		{C962AD30-99B4-4ABE-B308-BBC26E1E702A}.Release|x64.Build.0 = Release|Any CPU
		{C962AD30-99B4-4ABE-B308-BBC26E1E702A}.Release|x86.ActiveCfg = Release|Any CPU
		{C962AD30-99B4-4ABE-B308-BBC26E1E702A}.Release|x86.Build.0 = Release|Any CPU
		{8B30D315-740B-4430-B4F4-FDA02A6F54DC}.Debug|Any CPU.ActiveCfg = Debug|Any CPU
		{8B30D315-740B-4430-B4F4-FDA02A6F54DC}.Debug|Any CPU.Build.0 = Debug|Any CPU
		{8B30D315-740B-4430-B4F4-FDA02A6F54DC}.Debug|x64.ActiveCfg = Debug|Any CPU
		{8B30D315-740B-4430-B4F4-FDA02A6F54DC}.Debug|x64.Build.0 = Debug|Any CPU
		{8B30D315-740B-4430-B4F4-FDA02A6F54DC}.Debug|x86.ActiveCfg = Debug|Any CPU
		{8B30D315-740B-4430-B4F4-FDA02A6F54DC}.Debug|x86.Build.0 = Debug|Any CPU
		{8B30D315-740B-4430-B4F4-FDA02A6F54DC}.Release|Any CPU.ActiveCfg = Release|Any CPU
		{8B30D315-740B-4430-B4F4-FDA02A6F54DC}.Release|Any CPU.Build.0 = Release|Any CPU
		{8B30D315-740B-4430-B4F4-FDA02A6F54DC}.Release|x64.ActiveCfg = Release|Any CPU
		{8B30D315-740B-4430-B4F4-FDA02A6F54DC}.Release|x64.Build.0 = Release|Any CPU
		{8B30D315-740B-4430-B4F4-FDA02A6F54DC}.Release|x86.ActiveCfg = Release|Any CPU
		{8B30D315-740B-4430-B4F4-FDA02A6F54DC}.Release|x86.Build.0 = Release|Any CPU
		{7DB957B9-2BB1-44AB-B66B-B3EDC0A29F87}.Debug|Any CPU.ActiveCfg = Debug|Any CPU
		{7DB957B9-2BB1-44AB-B66B-B3EDC0A29F87}.Debug|Any CPU.Build.0 = Debug|Any CPU
		{7DB957B9-2BB1-44AB-B66B-B3EDC0A29F87}.Debug|x64.ActiveCfg = Debug|Any CPU
		{7DB957B9-2BB1-44AB-B66B-B3EDC0A29F87}.Debug|x64.Build.0 = Debug|Any CPU
		{7DB957B9-2BB1-44AB-B66B-B3EDC0A29F87}.Debug|x86.ActiveCfg = Debug|Any CPU
		{7DB957B9-2BB1-44AB-B66B-B3EDC0A29F87}.Debug|x86.Build.0 = Debug|Any CPU
		{7DB957B9-2BB1-44AB-B66B-B3EDC0A29F87}.Release|Any CPU.ActiveCfg = Release|Any CPU
		{7DB957B9-2BB1-44AB-B66B-B3EDC0A29F87}.Release|Any CPU.Build.0 = Release|Any CPU
		{7DB957B9-2BB1-44AB-B66B-B3EDC0A29F87}.Release|x64.ActiveCfg = Release|Any CPU
		{7DB957B9-2BB1-44AB-B66B-B3EDC0A29F87}.Release|x64.Build.0 = Release|Any CPU
		{7DB957B9-2BB1-44AB-B66B-B3EDC0A29F87}.Release|x86.ActiveCfg = Release|Any CPU
		{7DB957B9-2BB1-44AB-B66B-B3EDC0A29F87}.Release|x86.Build.0 = Release|Any CPU
		{6CA6F79C-7C0F-4328-8BE6-91E95B4F6865}.Debug|Any CPU.ActiveCfg = Debug|Any CPU
		{6CA6F79C-7C0F-4328-8BE6-91E95B4F6865}.Debug|Any CPU.Build.0 = Debug|Any CPU
		{6CA6F79C-7C0F-4328-8BE6-91E95B4F6865}.Debug|x64.ActiveCfg = Debug|Any CPU
		{6CA6F79C-7C0F-4328-8BE6-91E95B4F6865}.Debug|x64.Build.0 = Debug|Any CPU
		{6CA6F79C-7C0F-4328-8BE6-91E95B4F6865}.Debug|x86.ActiveCfg = Debug|Any CPU
		{6CA6F79C-7C0F-4328-8BE6-91E95B4F6865}.Debug|x86.Build.0 = Debug|Any CPU
		{6CA6F79C-7C0F-4328-8BE6-91E95B4F6865}.Release|Any CPU.ActiveCfg = Release|Any CPU
		{6CA6F79C-7C0F-4328-8BE6-91E95B4F6865}.Release|Any CPU.Build.0 = Release|Any CPU
		{6CA6F79C-7C0F-4328-8BE6-91E95B4F6865}.Release|x64.ActiveCfg = Release|Any CPU
		{6CA6F79C-7C0F-4328-8BE6-91E95B4F6865}.Release|x64.Build.0 = Release|Any CPU
		{6CA6F79C-7C0F-4328-8BE6-91E95B4F6865}.Release|x86.ActiveCfg = Release|Any CPU
		{6CA6F79C-7C0F-4328-8BE6-91E95B4F6865}.Release|x86.Build.0 = Release|Any CPU
		{4D7498CF-39FB-4C74-B703-CFAB75F51883}.Debug|Any CPU.ActiveCfg = Debug|Any CPU
		{4D7498CF-39FB-4C74-B703-CFAB75F51883}.Debug|Any CPU.Build.0 = Debug|Any CPU
		{4D7498CF-39FB-4C74-B703-CFAB75F51883}.Debug|x64.ActiveCfg = Debug|Any CPU
		{4D7498CF-39FB-4C74-B703-CFAB75F51883}.Debug|x64.Build.0 = Debug|Any CPU
		{4D7498CF-39FB-4C74-B703-CFAB75F51883}.Debug|x86.ActiveCfg = Debug|Any CPU
		{4D7498CF-39FB-4C74-B703-CFAB75F51883}.Debug|x86.Build.0 = Debug|Any CPU
		{4D7498CF-39FB-4C74-B703-CFAB75F51883}.Release|Any CPU.ActiveCfg = Release|Any CPU
		{4D7498CF-39FB-4C74-B703-CFAB75F51883}.Release|Any CPU.Build.0 = Release|Any CPU
		{4D7498CF-39FB-4C74-B703-CFAB75F51883}.Release|x64.ActiveCfg = Release|Any CPU
		{4D7498CF-39FB-4C74-B703-CFAB75F51883}.Release|x64.Build.0 = Release|Any CPU
		{4D7498CF-39FB-4C74-B703-CFAB75F51883}.Release|x86.ActiveCfg = Release|Any CPU
		{4D7498CF-39FB-4C74-B703-CFAB75F51883}.Release|x86.Build.0 = Release|Any CPU
		{423FC8AE-7F19-4879-AA8A-255BD5BDAC55}.Debug|Any CPU.ActiveCfg = Debug|Any CPU
		{423FC8AE-7F19-4879-AA8A-255BD5BDAC55}.Debug|Any CPU.Build.0 = Debug|Any CPU
		{423FC8AE-7F19-4879-AA8A-255BD5BDAC55}.Debug|x64.ActiveCfg = Debug|Any CPU
		{423FC8AE-7F19-4879-AA8A-255BD5BDAC55}.Debug|x64.Build.0 = Debug|Any CPU
		{423FC8AE-7F19-4879-AA8A-255BD5BDAC55}.Debug|x86.ActiveCfg = Debug|Any CPU
		{423FC8AE-7F19-4879-AA8A-255BD5BDAC55}.Debug|x86.Build.0 = Debug|Any CPU
		{423FC8AE-7F19-4879-AA8A-255BD5BDAC55}.Release|Any CPU.ActiveCfg = Release|Any CPU
		{423FC8AE-7F19-4879-AA8A-255BD5BDAC55}.Release|Any CPU.Build.0 = Release|Any CPU
		{423FC8AE-7F19-4879-AA8A-255BD5BDAC55}.Release|x64.ActiveCfg = Release|Any CPU
		{423FC8AE-7F19-4879-AA8A-255BD5BDAC55}.Release|x64.Build.0 = Release|Any CPU
		{423FC8AE-7F19-4879-AA8A-255BD5BDAC55}.Release|x86.ActiveCfg = Release|Any CPU
		{423FC8AE-7F19-4879-AA8A-255BD5BDAC55}.Release|x86.Build.0 = Release|Any CPU
		{99253373-3F5C-4AE9-80DF-4A141DC60C14}.Debug|Any CPU.ActiveCfg = Debug|Any CPU
		{99253373-3F5C-4AE9-80DF-4A141DC60C14}.Debug|Any CPU.Build.0 = Debug|Any CPU
		{99253373-3F5C-4AE9-80DF-4A141DC60C14}.Debug|x64.ActiveCfg = Debug|Any CPU
		{99253373-3F5C-4AE9-80DF-4A141DC60C14}.Debug|x64.Build.0 = Debug|Any CPU
		{99253373-3F5C-4AE9-80DF-4A141DC60C14}.Debug|x86.ActiveCfg = Debug|Any CPU
		{99253373-3F5C-4AE9-80DF-4A141DC60C14}.Debug|x86.Build.0 = Debug|Any CPU
		{99253373-3F5C-4AE9-80DF-4A141DC60C14}.Release|Any CPU.ActiveCfg = Release|Any CPU
		{99253373-3F5C-4AE9-80DF-4A141DC60C14}.Release|Any CPU.Build.0 = Release|Any CPU
		{99253373-3F5C-4AE9-80DF-4A141DC60C14}.Release|x64.ActiveCfg = Release|Any CPU
		{99253373-3F5C-4AE9-80DF-4A141DC60C14}.Release|x64.Build.0 = Release|Any CPU
		{99253373-3F5C-4AE9-80DF-4A141DC60C14}.Release|x86.ActiveCfg = Release|Any CPU
		{99253373-3F5C-4AE9-80DF-4A141DC60C14}.Release|x86.Build.0 = Release|Any CPU
		{8BDE5337-D12E-4A70-BC40-4799ED3E0CA0}.Debug|Any CPU.ActiveCfg = Debug|Any CPU
		{8BDE5337-D12E-4A70-BC40-4799ED3E0CA0}.Debug|Any CPU.Build.0 = Debug|Any CPU
		{8BDE5337-D12E-4A70-BC40-4799ED3E0CA0}.Debug|x64.ActiveCfg = Debug|Any CPU
		{8BDE5337-D12E-4A70-BC40-4799ED3E0CA0}.Debug|x64.Build.0 = Debug|Any CPU
		{8BDE5337-D12E-4A70-BC40-4799ED3E0CA0}.Debug|x86.ActiveCfg = Debug|Any CPU
		{8BDE5337-D12E-4A70-BC40-4799ED3E0CA0}.Debug|x86.Build.0 = Debug|Any CPU
		{8BDE5337-D12E-4A70-BC40-4799ED3E0CA0}.Release|Any CPU.ActiveCfg = Release|Any CPU
		{8BDE5337-D12E-4A70-BC40-4799ED3E0CA0}.Release|Any CPU.Build.0 = Release|Any CPU
		{8BDE5337-D12E-4A70-BC40-4799ED3E0CA0}.Release|x64.ActiveCfg = Release|Any CPU
		{8BDE5337-D12E-4A70-BC40-4799ED3E0CA0}.Release|x64.Build.0 = Release|Any CPU
		{8BDE5337-D12E-4A70-BC40-4799ED3E0CA0}.Release|x86.ActiveCfg = Release|Any CPU
		{8BDE5337-D12E-4A70-BC40-4799ED3E0CA0}.Release|x86.Build.0 = Release|Any CPU
		{9E96DDEA-7591-46E4-B44C-E64110AF73A7}.Debug|Any CPU.ActiveCfg = Debug|Any CPU
		{9E96DDEA-7591-46E4-B44C-E64110AF73A7}.Debug|Any CPU.Build.0 = Debug|Any CPU
		{9E96DDEA-7591-46E4-B44C-E64110AF73A7}.Debug|x64.ActiveCfg = Debug|Any CPU
		{9E96DDEA-7591-46E4-B44C-E64110AF73A7}.Debug|x64.Build.0 = Debug|Any CPU
		{9E96DDEA-7591-46E4-B44C-E64110AF73A7}.Debug|x86.ActiveCfg = Debug|Any CPU
		{9E96DDEA-7591-46E4-B44C-E64110AF73A7}.Debug|x86.Build.0 = Debug|Any CPU
		{9E96DDEA-7591-46E4-B44C-E64110AF73A7}.Release|Any CPU.ActiveCfg = Release|Any CPU
		{9E96DDEA-7591-46E4-B44C-E64110AF73A7}.Release|Any CPU.Build.0 = Release|Any CPU
		{9E96DDEA-7591-46E4-B44C-E64110AF73A7}.Release|x64.ActiveCfg = Release|Any CPU
		{9E96DDEA-7591-46E4-B44C-E64110AF73A7}.Release|x64.Build.0 = Release|Any CPU
		{9E96DDEA-7591-46E4-B44C-E64110AF73A7}.Release|x86.ActiveCfg = Release|Any CPU
		{9E96DDEA-7591-46E4-B44C-E64110AF73A7}.Release|x86.Build.0 = Release|Any CPU
	EndGlobalSection
	GlobalSection(SolutionProperties) = preSolution
		HideSolutionNode = FALSE
	EndGlobalSection
	GlobalSection(NestedProjects) = preSolution
		{F28C3E3E-6F72-4346-BB88-00D63897C416} = {2A255CBF-6CDB-4E85-9E34-336227935A0A}
		{30A8E986-005B-41C5-899A-9B4C0C6F8FCD} = {F28C3E3E-6F72-4346-BB88-00D63897C416}
		{D2EDA291-B27D-4F75-AD07-7A675F2A3E74} = {F28C3E3E-6F72-4346-BB88-00D63897C416}
		{117429BA-7362-45F1-8102-BE5347BC6739} = {D2EDA291-B27D-4F75-AD07-7A675F2A3E74}
		{2FBD550C-8755-4F92-A9DC-C9E909D658E8} = {2A255CBF-6CDB-4E85-9E34-336227935A0A}
		{7B0FCDEE-9E23-458B-A364-FF9FB2633ABF} = {2FBD550C-8755-4F92-A9DC-C9E909D658E8}
		{520B439B-1783-4A56-B073-C95060C546BF} = {A35B5D30-DB2D-4E89-A369-1C03656EF2B9}
		{C962AD30-99B4-4ABE-B308-BBC26E1E702A} = {520B439B-1783-4A56-B073-C95060C546BF}
		{8270D98A-2A4F-40C1-8C34-4A4C45E1F25C} = {A35B5D30-DB2D-4E89-A369-1C03656EF2B9}
		{8B30D315-740B-4430-B4F4-FDA02A6F54DC} = {8270D98A-2A4F-40C1-8C34-4A4C45E1F25C}
		{EDF84D4A-2FF7-9AE6-C836-8D2746E1FD70} = {2FBD550C-8755-4F92-A9DC-C9E909D658E8}
		{6E8EE4C2-520B-F45A-17D3-80FC0B3E2973} = {EDF84D4A-2FF7-9AE6-C836-8D2746E1FD70}
		{7DB957B9-2BB1-44AB-B66B-B3EDC0A29F87} = {6E8EE4C2-520B-F45A-17D3-80FC0B3E2973}
		{3F4837E6-9066-D5F6-951D-F83C24D1B87B} = {2A255CBF-6CDB-4E85-9E34-336227935A0A}
		{09512AD2-8DA4-D9A0-E8A5-65AAC1CDAC0A} = {3F4837E6-9066-D5F6-951D-F83C24D1B87B}
		{A9CFF5D5-61E8-D74A-2C9A-F555C9BBE719} = {09512AD2-8DA4-D9A0-E8A5-65AAC1CDAC0A}
		{6CA6F79C-7C0F-4328-8BE6-91E95B4F6865} = {A9CFF5D5-61E8-D74A-2C9A-F555C9BBE719}
		{8651B2DA-CC62-0D6F-F763-9802D2AB7048} = {3F4837E6-9066-D5F6-951D-F83C24D1B87B}
		{4D7498CF-39FB-4C74-B703-CFAB75F51883} = {8651B2DA-CC62-0D6F-F763-9802D2AB7048}
		{F916FF67-7328-747E-EA6F-EA28719C46D9} = {2A255CBF-6CDB-4E85-9E34-336227935A0A}
		{48D2BCDF-4EB4-5B30-8087-66F1C7FE06AC} = {F916FF67-7328-747E-EA6F-EA28719C46D9}
		{16F4D601-AC8E-091D-FFD7-BB1E6E082BF0} = {48D2BCDF-4EB4-5B30-8087-66F1C7FE06AC}
		{423FC8AE-7F19-4879-AA8A-255BD5BDAC55} = {16F4D601-AC8E-091D-FFD7-BB1E6E082BF0}
		{E1B31137-42DB-3FA7-A5A3-FA2925963EEA} = {F916FF67-7328-747E-EA6F-EA28719C46D9}
		{99253373-3F5C-4AE9-80DF-4A141DC60C14} = {E1B31137-42DB-3FA7-A5A3-FA2925963EEA}
		{BDCE1AD1-9661-F288-B318-71F5711C6714} = {2A255CBF-6CDB-4E85-9E34-336227935A0A}
		{BC6F8349-C16F-09E8-DF35-EC910C8FBBEF} = {BDCE1AD1-9661-F288-B318-71F5711C6714}
		{71FC7C97-4537-5904-FBA3-B1BD56692A35} = {BC6F8349-C16F-09E8-DF35-EC910C8FBBEF}
		{3C002907-6D31-0FE5-B431-E9C90D355D21} = {BDCE1AD1-9661-F288-B318-71F5711C6714}
		{8BDE5337-D12E-4A70-BC40-4799ED3E0CA0} = {71FC7C97-4537-5904-FBA3-B1BD56692A35}
		{9E96DDEA-7591-46E4-B44C-E64110AF73A7} = {3C002907-6D31-0FE5-B431-E9C90D355D21}
	EndGlobalSection
EndGlobal
